PODS:
  - Capacitor (7.4.5):
    - CapacitorCordova
  - CapacitorCommunityHttp (1.4.1):
    - Capacitor
  - CapacitorCordova (7.4.5)
  - CapacitorPreferences (7.0.4):
    - Capacitor

DEPENDENCIES:
  - "Capacitor (from `../../node_modules/@capacitor/ios`)"
  - "CapacitorCommunityHttp (from `../../node_modules/@capacitor-community/http`)"
  - "CapacitorCordova (from `../../node_modules/@capacitor/ios`)"
  - "CapacitorPreferences (from `../../node_modules/@capacitor/preferences`)"

EXTERNAL SOURCES:
  Capacitor:
    :path: "../../node_modules/@capacitor/ios"
  CapacitorCommunityHttp:
    :path: "../../node_modules/@capacitor-community/http"
  CapacitorCordova:
    :path: "../../node_modules/@capacitor/ios"
  CapacitorPreferences:
    :path: "../../node_modules/@capacitor/preferences"

SPEC CHECKSUMS:
  Capacitor: 12914e6f1b7835e161a74ebd19cb361efa37a7dd
  CapacitorCommunityHttp: 7eba71da94e070e37a26a60483350285a33e3903
  CapacitorCordova: 31bbe4466000c6b86d9b7f1181ee286cff0205aa
  CapacitorPreferences: 69d9991307507aeab8ef8019c10b9babfda0e9ca

PODFILE CHECKSUM: ee9974e4b2838752d4aae523e2d527e79a7512dc

COCOAPODS: 1.16.2
